
Microsoft Visual Studio Solution File, Format Version 12.00
# Visual Studio Version 17
VisualStudioVersion = 17.0.32126.317
MinimumVisualStudioVersion = 10.0.40219.1
Project("{FAE04EC0-301F-11D3-BF4B-00C04F79EFBC}") = "fucntions", "fucntions\fucntions.csproj", "{2E7CDD6E-B5B0-4DCE-8956-7FFC03B9B562}"
EndProject
Global
	GlobalSection(SolutionConfigurationPlatforms) = preSolution
		Debug|Any CPU = Debug|Any CPU
		Release|Any CPU = Release|Any CPU
	EndGlobalSection
	GlobalSection(ProjectConfigurationPlatforms) = postSolution
		{2E7CDD6E-B5B0-4DCE-8956-7FFC03B9B562}.Debug|Any CPU.ActiveCfg = Debug|Any CPU
		{2E7CDD6E-B5B0-4DCE-8956-7FFC03B9B562}.Debug|Any CPU.Build.0 = Debug|Any CPU
		{2E7CDD6E-B5B0-4DCE-8956-7FFC03B9B562}.Release|Any CPU.ActiveCfg = Release|Any CPU
		{2E7CDD6E-B5B0-4DCE-8956-7FFC03B9B562}.Release|Any CPU.Build.0 = Release|Any CPU
	EndGlobalSection
	GlobalSection(SolutionProperties) = preSolution
		HideSolutionNode = FALSE
	EndGlobalSection
	GlobalSection(ExtensibilityGlobals) = postSolution
		SolutionGuid = {CA22FCEA-9725-4CD9-84D1-635C2551F849}
	EndGlobalSection
EndGlobal
