
Microsoft Visual Studio Solution File, Format Version 12.00
# Visual Studio Version 17
VisualStudioVersion = 17.0.32126.317
MinimumVisualStudioVersion = 10.0.40219.1
Project("{FAE04EC0-301F-11D3-BF4B-00C04F79EFBC}") = "timer", "timer\timer.csproj", "{140C08D0-DC47-4F40-888B-59EB35482F7E}"
EndProject
Global
	GlobalSection(SolutionConfigurationPlatforms) = preSolution
		Debug|Any CPU = Debug|Any CPU
		Release|Any CPU = Release|Any CPU
	EndGlobalSection
	GlobalSection(ProjectConfigurationPlatforms) = postSolution
		{140C08D0-DC47-4F40-888B-59EB35482F7E}.Debug|Any CPU.ActiveCfg = Debug|Any CPU
		{140C08D0-DC47-4F40-888B-59EB35482F7E}.Debug|Any CPU.Build.0 = Debug|Any CPU
		{140C08D0-DC47-4F40-888B-59EB35482F7E}.Release|Any CPU.ActiveCfg = Release|Any CPU
		{140C08D0-DC47-4F40-888B-59EB35482F7E}.Release|Any CPU.Build.0 = Release|Any CPU
	EndGlobalSection
	GlobalSection(SolutionProperties) = preSolution
		HideSolutionNode = FALSE
	EndGlobalSection
	GlobalSection(ExtensibilityGlobals) = postSolution
		SolutionGuid = {F8BA32D5-A02F-45D4-9929-0448AC76F2D9}
	EndGlobalSection
EndGlobal
