
Microsoft Visual Studio Solution File, Format Version 12.00
# Visual Studio Version 17
VisualStudioVersion = 17.0.32126.317
MinimumVisualStudioVersion = 10.0.40219.1
Project("{FAE04EC0-301F-11D3-BF4B-00C04F79EFBC}") = "switchCases", "switchCases\switchCases.csproj", "{2A212C36-AB69-4B0C-909B-48EDB2119DE7}"
EndProject
Global
	GlobalSection(SolutionConfigurationPlatforms) = preSolution
		Debug|Any CPU = Debug|Any CPU
		Release|Any CPU = Release|Any CPU
	EndGlobalSection
	GlobalSection(ProjectConfigurationPlatforms) = postSolution
		{2A212C36-AB69-4B0C-909B-48EDB2119DE7}.Debug|Any CPU.ActiveCfg = Debug|Any CPU
		{2A212C36-AB69-4B0C-909B-48EDB2119DE7}.Debug|Any CPU.Build.0 = Debug|Any CPU
		{2A212C36-AB69-4B0C-909B-48EDB2119DE7}.Release|Any CPU.ActiveCfg = Release|Any CPU
		{2A212C36-AB69-4B0C-909B-48EDB2119DE7}.Release|Any CPU.Build.0 = Release|Any CPU
	EndGlobalSection
	GlobalSection(SolutionProperties) = preSolution
		HideSolutionNode = FALSE
	EndGlobalSection
	GlobalSection(ExtensibilityGlobals) = postSolution
		SolutionGuid = {F0E7D40A-EC9A-4E99-BA9A-68C0050C7029}
	EndGlobalSection
EndGlobal
